
Microsoft Visual Studio Solution File, Format Version 12.00
# Visual Studio 15
VisualStudioVersion = 15.0.27703.2000
MinimumVisualStudioVersion = 10.0.40219.1
Project("{888888A0-9F3D-457C-B088-3A5042F75D52}") = "Crossbar_Array_VS", "Crossbar_Array_VS.pyproj", "{3D5EB7C9-179A-450A-95F0-6E77D7F63F44}"
EndProject
Global
	GlobalSection(SolutionConfigurationPlatforms) = preSolution
		Debug|Any CPU = Debug|Any CPU
		Release|Any CPU = Release|Any CPU
	EndGlobalSection
	GlobalSection(ProjectConfigurationPlatforms) = postSolution
		{3D5EB7C9-179A-450A-95F0-6E77D7F63F44}.Debug|Any CPU.ActiveCfg = Debug|Any CPU
		{3D5EB7C9-179A-450A-95F0-6E77D7F63F44}.Release|Any CPU.ActiveCfg = Release|Any CPU
	EndGlobalSection
	GlobalSection(SolutionProperties) = preSolution
		HideSolutionNode = FALSE
	EndGlobalSection
	GlobalSection(ExtensibilityGlobals) = postSolution
		SolutionGuid = {AA089D6E-9717-476D-8657-2B9B2A864A3A}
	EndGlobalSection
EndGlobal
